
Microsoft Visual Studio Solution File, Format Version 12.00
# Visual Studio Version 17
VisualStudioVersion = 17.10.35004.147
MinimumVisualStudioVersion = 10.0.40219.1
Project("{FAE04EC0-301F-11D3-BF4B-00C04F79EFBC}") = "Dimo", "Dimo\Dimo.csproj", "{57AA6668-A491-4FF8-B23F-AF4FB0CCC187}"
EndProject
Global
	GlobalSection(SolutionConfigurationPlatforms) = preSolution
		Debug|Any CPU = Debug|Any CPU
		Release|Any CPU = Release|Any CPU
	EndGlobalSection
	GlobalSection(ProjectConfigurationPlatforms) = postSolution
		{57AA6668-A491-4FF8-B23F-AF4FB0CCC187}.Debug|Any CPU.ActiveCfg = Debug|Any CPU
		{57AA6668-A491-4FF8-B23F-AF4FB0CCC187}.Debug|Any CPU.Build.0 = Debug|Any CPU
		{57AA6668-A491-4FF8-B23F-AF4FB0CCC187}.Release|Any CPU.ActiveCfg = Release|Any CPU
		{57AA6668-A491-4FF8-B23F-AF4FB0CCC187}.Release|Any CPU.Build.0 = Release|Any CPU
	EndGlobalSection
	GlobalSection(SolutionProperties) = preSolution
		HideSolutionNode = FALSE
	EndGlobalSection
	GlobalSection(ExtensibilityGlobals) = postSolution
		SolutionGuid = {3A402184-0E03-4CB9-97B1-4D5D7DAF0F4C}
	EndGlobalSection
EndGlobal
